
Microsoft Visual Studio Solution File, Format Version 12.00
# Visual Studio Version 16
VisualStudioVersion = 16.0.32228.343
MinimumVisualStudioVersion = 10.0.40219.1
Project("{9A19103F-16F7-4668-BE54-9A1E7A4F7556}") = "Finanstilsynet.Altinn.Tests", "Finanstilsynet.Altinn.Tests\Finanstilsynet.Altinn.Tests.csproj", "{A362B151-4E49-4F30-9416-42FD987DCEE4}"
EndProject
Project("{9A19103F-16F7-4668-BE54-9A1E7A4F7556}") = "Finanstilsynet.Altinn", "Finanstilsynet.Altinn\Finanstilsynet.Altinn.csproj", "{BF4A95F7-7F10-491C-87F6-74ECE59B0EA0}"
EndProject
Global
	GlobalSection(SolutionConfigurationPlatforms) = preSolution
		Debug|Any CPU = Debug|Any CPU
		Release|Any CPU = Release|Any CPU
	EndGlobalSection
	GlobalSection(ProjectConfigurationPlatforms) = postSolution
		{A362B151-4E49-4F30-9416-42FD987DCEE4}.Debug|Any CPU.ActiveCfg = Debug|Any CPU
		{A362B151-4E49-4F30-9416-42FD987DCEE4}.Debug|Any CPU.Build.0 = Debug|Any CPU
		{A362B151-4E49-4F30-9416-42FD987DCEE4}.Release|Any CPU.ActiveCfg = Release|Any CPU
		{A362B151-4E49-4F30-9416-42FD987DCEE4}.Release|Any CPU.Build.0 = Release|Any CPU
		{BF4A95F7-7F10-491C-87F6-74ECE59B0EA0}.Debug|Any CPU.ActiveCfg = Debug|Any CPU
		{BF4A95F7-7F10-491C-87F6-74ECE59B0EA0}.Debug|Any CPU.Build.0 = Debug|Any CPU
		{BF4A95F7-7F10-491C-87F6-74ECE59B0EA0}.Release|Any CPU.ActiveCfg = Release|Any CPU
		{BF4A95F7-7F10-491C-87F6-74ECE59B0EA0}.Release|Any CPU.Build.0 = Release|Any CPU
	EndGlobalSection
	GlobalSection(SolutionProperties) = preSolution
		HideSolutionNode = FALSE
	EndGlobalSection
	GlobalSection(ExtensibilityGlobals) = postSolution
		SolutionGuid = {870078C0-8443-4725-85C2-5CAD641C184F}
	EndGlobalSection
EndGlobal
